// !$*UTF8*$!
{
	archiveVersion = 1;
	classes = {
	};
	objectVersion = 77;
	objects = {

/* Begin PBXBuildFile section */
		28A943735F87431C981A8744 /* DockerEventMonitorTests.swift in Sources */ = {isa = PBXBuildFile; fileRef = 8A48B567EBE74DA1A25D1D57 /* DockerEventMonitorTests.swift */; };
		657F65922F3A2ADB00C7005A /* ArcBoxClient in Frameworks */ = {isa = PBXBuildFile; productRef = 657F65912F3A2ADB00C7005A /* ArcBoxClient */; };
		65D867ED2F5C228600DAAEE6 /* Sparkle in Frameworks */ = {isa = PBXBuildFile; productRef = 65D867EC2F5C228600DAAEE6 /* Sparkle */; };
		AB0D00022F60000000000001 /* com.arcboxlabs.desktop.daemon.plist in Copy LaunchDaemon Plist */ = {isa = PBXBuildFile; fileRef = AB0D00012F60000000000001 /* com.arcboxlabs.desktop.daemon.plist */; };
		BA8581652F83ADCC0013E298 /* PostHog in Frameworks */ = {isa = PBXBuildFile; productRef = PH0200012FA0000000000001 /* PostHog */; };
		DC0A11012F4E000000000001 /* DockerClient in Frameworks */ = {isa = PBXBuildFile; productRef = DC0A11002F4E000000000001 /* DockerClient */; };
		DC0B11012F4E000000000001 /* SwiftTerm in Frameworks */ = {isa = PBXBuildFile; productRef = DC0B11002F4E000000000001 /* SwiftTerm */; };
		K8S100012F90000000000001 /* K8sClient in Frameworks */ = {isa = PBXBuildFile; productRef = K8S100002F90000000000001 /* K8sClient */; };
		SE0300012F90000000000001 /* Sentry in Frameworks */ = {isa = PBXBuildFile; productRef = SE0200012F90000000000001 /* Sentry */; };
		UT0100012FA0000000000001 /* ContainersViewModelTests.swift in Sources */ = {isa = PBXBuildFile; fileRef = UT0100002FA0000000000001 /* ContainersViewModelTests.swift */; };
		UT0200012FA0000000000001 /* ImagesViewModelTests.swift in Sources */ = {isa = PBXBuildFile; fileRef = UT0200002FA0000000000001 /* ImagesViewModelTests.swift */; };
		UT0300012FA0000000000001 /* K8sModelsTests.swift in Sources */ = {isa = PBXBuildFile; fileRef = UT0300002FA0000000000001 /* K8sModelsTests.swift */; };
		UT0400012FA0000000000001 /* K8sClient in Frameworks */ = {isa = PBXBuildFile; productRef = UT0400002FA0000000000001 /* K8sClient */; };
		UT0500012FA0000000000001 /* ChangelogParserTests.swift in Sources */ = {isa = PBXBuildFile; fileRef = UT0500002FA0000000000001 /* ChangelogParserTests.swift */; };
		RES100012FA0000000000001 /* CHANGELOG.md in Resources */ = {isa = PBXBuildFile; fileRef = RES100002FA0000000000001 /* CHANGELOG.md */; };
		RES200012FA0000000000001 /* arcbox.version in Resources */ = {isa = PBXBuildFile; fileRef = RES200002FA0000000000001 /* arcbox.version */; };
/* End PBXBuildFile section */

/* Begin PBXContainerItemProxy section */
		3F2109C1D95B4A0C8F4BF1A4 /* PBXContainerItemProxy */ = {
			isa = PBXContainerItemProxy;
			containerPortal = 657F65732F3A2ADB00C7005A /* Project object */;
			proxyType = 1;
			remoteGlobalIDString = 657F657A2F3A2ADB00C7005A;
			remoteInfo = ArcBox;
		};
/* End PBXContainerItemProxy section */

/* Begin PBXCopyFilesBuildPhase section */
		AB0D00042F60000000000001 /* Copy LaunchDaemon Plist */ = {
			isa = PBXCopyFilesBuildPhase;
			buildActionMask = 2147483647;
			dstPath = Contents/Library/LaunchAgents;
			dstSubfolderSpec = 1;
			files = (
				AB0D00022F60000000000001 /* com.arcboxlabs.desktop.daemon.plist in Copy LaunchDaemon Plist */,
			);
			name = "Copy LaunchDaemon Plist";
			runOnlyForDeploymentPostprocessing = 0;
		};
/* End PBXCopyFilesBuildPhase section */

/* Begin PBXFileReference section */
		657F657B2F3A2ADB00C7005A /* ArcBox.app */ = {isa = PBXFileReference; explicitFileType = wrapper.application; includeInIndex = 0; path = ArcBox.app; sourceTree = BUILT_PRODUCTS_DIR; };
		657F65A02F3A2ADB00C7005A /* Local.xcconfig */ = {isa = PBXFileReference; lastKnownFileType = text.xcconfig; path = Local.xcconfig; sourceTree = "<group>"; };
		8A48B567EBE74DA1A25D1D57 /* DockerEventMonitorTests.swift */ = {isa = PBXFileReference; lastKnownFileType = sourcecode.swift; path = DockerEventMonitorTests.swift; sourceTree = "<group>"; };
		8AFC409B6C134B0BBFA4D294 /* ArcBoxTests.xctest */ = {isa = PBXFileReference; explicitFileType = wrapper.cfbundle; includeInIndex = 0; path = ArcBoxTests.xctest; sourceTree = BUILT_PRODUCTS_DIR; };
		AB0D00012F60000000000001 /* com.arcboxlabs.desktop.daemon.plist */ = {isa = PBXFileReference; lastKnownFileType = text.plist.xml; path = com.arcboxlabs.desktop.daemon.plist; sourceTree = "<group>"; };
		AB0F00012F80000000000001 /* Version.xcconfig */ = {isa = PBXFileReference; lastKnownFileType = text.xcconfig; path = Version.xcconfig; sourceTree = "<group>"; };
		UT0100002FA0000000000001 /* ContainersViewModelTests.swift */ = {isa = PBXFileReference; lastKnownFileType = sourcecode.swift; path = ContainersViewModelTests.swift; sourceTree = "<group>"; };
		UT0200002FA0000000000001 /* ImagesViewModelTests.swift */ = {isa = PBXFileReference; lastKnownFileType = sourcecode.swift; path = ImagesViewModelTests.swift; sourceTree = "<group>"; };
		UT0300002FA0000000000001 /* K8sModelsTests.swift */ = {isa = PBXFileReference; lastKnownFileType = sourcecode.swift; path = K8sModelsTests.swift; sourceTree = "<group>"; };
		UT0500002FA0000000000001 /* ChangelogParserTests.swift */ = {isa = PBXFileReference; lastKnownFileType = sourcecode.swift; path = ChangelogParserTests.swift; sourceTree = "<group>"; };
		RES100002FA0000000000001 /* CHANGELOG.md */ = {isa = PBXFileReference; lastKnownFileType = net.daringfireball.markdown; path = CHANGELOG.md; sourceTree = "<group>"; };
		RES200002FA0000000000001 /* arcbox.version */ = {isa = PBXFileReference; lastKnownFileType = text; path = arcbox.version; sourceTree = "<group>"; };
/* End PBXFileReference section */

/* Begin PBXFileSystemSynchronizedRootGroup section */
		657F657D2F3A2ADB00C7005A /* ArcBox */ = {
			isa = PBXFileSystemSynchronizedRootGroup;
			path = ArcBox;
			sourceTree = "<group>";
		};
/* End PBXFileSystemSynchronizedRootGroup section */

/* Begin PBXFrameworksBuildPhase section */
		0814FB54EA8A4F7EBD5E4CEC /* Frameworks */ = {
			isa = PBXFrameworksBuildPhase;
			buildActionMask = 2147483647;
			files = (
				UT0400012FA0000000000001 /* K8sClient in Frameworks */,
			);
			runOnlyForDeploymentPostprocessing = 0;
		};
		657F65782F3A2ADB00C7005A /* Frameworks */ = {
			isa = PBXFrameworksBuildPhase;
			buildActionMask = 2147483647;
			files = (
				BA8581652F83ADCC0013E298 /* PostHog in Frameworks */,
				657F65922F3A2ADB00C7005A /* ArcBoxClient in Frameworks */,
				65D867ED2F5C228600DAAEE6 /* Sparkle in Frameworks */,
				DC0A11012F4E000000000001 /* DockerClient in Frameworks */,
				K8S100012F90000000000001 /* K8sClient in Frameworks */,
				DC0B11012F4E000000000001 /* SwiftTerm in Frameworks */,
				SE0300012F90000000000001 /* Sentry in Frameworks */,
			);
			runOnlyForDeploymentPostprocessing = 0;
		};
/* End PBXFrameworksBuildPhase section */

/* Begin PBXGroup section */
		336ADECAFDFE4B28898C3637 /* ArcBoxTests */ = {
			isa = PBXGroup;
			children = (
				UT0500002FA0000000000001 /* ChangelogParserTests.swift */,
				UT0100002FA0000000000001 /* ContainersViewModelTests.swift */,
				8A48B567EBE74DA1A25D1D57 /* DockerEventMonitorTests.swift */,
				UT0200002FA0000000000001 /* ImagesViewModelTests.swift */,
				UT0300002FA0000000000001 /* K8sModelsTests.swift */,
			);
			path = ArcBoxTests;
			sourceTree = "<group>";
		};
		657F65722F3A2ADB00C7005A = {
			isa = PBXGroup;
			children = (
				657F65A02F3A2ADB00C7005A /* Local.xcconfig */,
				AB0F00012F80000000000001 /* Version.xcconfig */,
				RES100002FA0000000000001 /* CHANGELOG.md */,
				RES200002FA0000000000001 /* arcbox.version */,
				657F657D2F3A2ADB00C7005A /* ArcBox */,
				336ADECAFDFE4B28898C3637 /* ArcBoxTests */,
				AB0D00062F60000000000001 /* LaunchDaemons */,
				BA8AF73F2F66F38100CDDA35 /* Frameworks */,
				657F657C2F3A2ADB00C7005A /* Products */,
			);
			sourceTree = "<group>";
		};
		657F657C2F3A2ADB00C7005A /* Products */ = {
			isa = PBXGroup;
			children = (
				8AFC409B6C134B0BBFA4D294 /* ArcBoxTests.xctest */,
				657F657B2F3A2ADB00C7005A /* ArcBox.app */,
			);
			name = Products;
			sourceTree = "<group>";
		};
		AB0D00062F60000000000001 /* LaunchDaemons */ = {
			isa = PBXGroup;
			children = (
				AB0D00012F60000000000001 /* com.arcboxlabs.desktop.daemon.plist */,
			);
			path = LaunchDaemons;
			sourceTree = "<group>";
		};
		BA8AF73F2F66F38100CDDA35 /* Frameworks */ = {
			isa = PBXGroup;
			children = (
			);
			name = Frameworks;
			sourceTree = "<group>";
		};
/* End PBXGroup section */

/* Begin PBXNativeTarget section */
		657F657A2F3A2ADB00C7005A /* ArcBox */ = {
			isa = PBXNativeTarget;
			buildConfigurationList = 657F65862F3A2ADD00C7005A /* Build configuration list for PBXNativeTarget "ArcBox" */;
			buildPhases = (
				AB0D00032F60000000000001 /* Embed Arcbox Binaries */,
				657F65772F3A2ADB00C7005A /* Sources */,
				657F65782F3A2ADB00C7005A /* Frameworks */,
				657F65792F3A2ADB00C7005A /* Resources */,
				AB0D00042F60000000000001 /* Copy LaunchDaemon Plist */,
			);
			buildRules = (
			);
			dependencies = (
			);
			fileSystemSynchronizedGroups = (
				657F657D2F3A2ADB00C7005A /* ArcBox */,
			);
			name = ArcBox;
			packageProductDependencies = (
				657F65912F3A2ADB00C7005A /* ArcBoxClient */,
				DC0A11002F4E000000000001 /* DockerClient */,
				K8S100002F90000000000001 /* K8sClient */,
				DC0B11002F4E000000000001 /* SwiftTerm */,
				65D867EC2F5C228600DAAEE6 /* Sparkle */,
				SE0200012F90000000000001 /* Sentry */,
				PH0200012FA0000000000001 /* PostHog */,
			);
			productName = ArcBox;
			productReference = 657F657B2F3A2ADB00C7005A /* ArcBox.app */;
			productType = "com.apple.product-type.application";
		};
		8DEF0B979A924DB2A2E788C5 /* ArcBoxTests */ = {
			isa = PBXNativeTarget;
			buildConfigurationList = CFE1394D73AA400B8709AD73 /* Build configuration list for PBXNativeTarget "ArcBoxTests" */;
			buildPhases = (
				11596CADADF044D08FA0FF86 /* Sources */,
				0814FB54EA8A4F7EBD5E4CEC /* Frameworks */,
			);
			buildRules = (
			);
			dependencies = (
				007CD6A408984FAB9380FC71 /* PBXTargetDependency */,
			);
			name = ArcBoxTests;
			packageProductDependencies = (
				UT0400002FA0000000000001 /* K8sClient */,
			);
			productName = ArcBoxTests;
			productReference = 8AFC409B6C134B0BBFA4D294 /* ArcBoxTests.xctest */;
			productType = "com.apple.product-type.bundle.unit-test";
		};
/* End PBXNativeTarget section */

/* Begin PBXProject section */
		657F65732F3A2ADB00C7005A /* Project object */ = {
			isa = PBXProject;
			attributes = {
				BuildIndependentTargetsInParallel = 1;
				LastSwiftUpdateCheck = 2630;
				LastUpgradeCheck = 2630;
				TargetAttributes = {
					657F657A2F3A2ADB00C7005A = {
						CreatedOnToolsVersion = 26.2;
					};
				};
			};
			buildConfigurationList = 657F65762F3A2ADB00C7005A /* Build configuration list for PBXProject "ArcBox" */;
			developmentRegion = en;
			hasScannedForEncodings = 0;
			knownRegions = (
				en,
				Base,
			);
			mainGroup = 657F65722F3A2ADB00C7005A;
			minimizedProjectReferenceProxies = 1;
			packageReferences = (
				657F65902F3A2ADB00C7005A /* XCLocalSwiftPackageReference "Packages/ArcBoxClient" */,
				DC0A11022F4E000000000001 /* XCLocalSwiftPackageReference "Packages/DockerClient" */,
				K8S100032F90000000000001 /* XCLocalSwiftPackageReference "Packages/K8sClient" */,
				DC0B11022F4E000000000001 /* XCRemoteSwiftPackageReference "SwiftTerm" */,
				65D867EB2F5C228600DAAEE6 /* XCRemoteSwiftPackageReference "Sparkle" */,
				SE0100012F90000000000001 /* XCRemoteSwiftPackageReference "sentry-cocoa" */,
				PH0100012FA0000000000001 /* XCRemoteSwiftPackageReference "posthog-ios" */,
			);
			preferredProjectObjectVersion = 77;
			productRefGroup = 657F657C2F3A2ADB00C7005A /* Products */;
			projectDirPath = "";
			projectRoot = "";
			targets = (
				8DEF0B979A924DB2A2E788C5 /* ArcBoxTests */,
				657F657A2F3A2ADB00C7005A /* ArcBox */,
			);
		};
/* End PBXProject section */

/* Begin PBXResourcesBuildPhase section */
		657F65792F3A2ADB00C7005A /* Resources */ = {
			isa = PBXResourcesBuildPhase;
			buildActionMask = 2147483647;
			files = (
				RES100012FA0000000000001 /* CHANGELOG.md in Resources */,
				RES200012FA0000000000001 /* arcbox.version in Resources */,
			);
			runOnlyForDeploymentPostprocessing = 0;
		};
/* End PBXResourcesBuildPhase section */

/* Begin PBXShellScriptBuildPhase section */
		AB0D00032F60000000000001 /* Embed Arcbox Binaries */ = {
			isa = PBXShellScriptBuildPhase;
			alwaysOutOfDate = 1;
			buildActionMask = 2147483647;
			files = (
			);
			inputPaths = (
			);
			name = "Embed Arcbox Binaries";
			outputPaths = (
			);
			runOnlyForDeploymentPostprocessing = 0;
			shellPath = /bin/bash;
			shellScript = "exec \"${PROJECT_DIR}/scripts/embed-arcbox-binaries.py\"\n";
		};
/* End PBXShellScriptBuildPhase section */

/* Begin PBXSourcesBuildPhase section */
		11596CADADF044D08FA0FF86 /* Sources */ = {
			isa = PBXSourcesBuildPhase;
			buildActionMask = 2147483647;
			files = (
				28A943735F87431C981A8744 /* DockerEventMonitorTests.swift in Sources */,
				UT0500012FA0000000000001 /* ChangelogParserTests.swift in Sources */,
				UT0100012FA0000000000001 /* ContainersViewModelTests.swift in Sources */,
				UT0200012FA0000000000001 /* ImagesViewModelTests.swift in Sources */,
				UT0300012FA0000000000001 /* K8sModelsTests.swift in Sources */,
			);
			runOnlyForDeploymentPostprocessing = 0;
		};
		657F65772F3A2ADB00C7005A /* Sources */ = {
			isa = PBXSourcesBuildPhase;
			buildActionMask = 2147483647;
			files = (
			);
			runOnlyForDeploymentPostprocessing = 0;
		};
/* End PBXSourcesBuildPhase section */

/* Begin PBXTargetDependency section */
		007CD6A408984FAB9380FC71 /* PBXTargetDependency */ = {
			isa = PBXTargetDependency;
			target = 657F657A2F3A2ADB00C7005A /* ArcBox */;
			targetProxy = 3F2109C1D95B4A0C8F4BF1A4 /* PBXContainerItemProxy */;
		};
/* End PBXTargetDependency section */

/* Begin XCBuildConfiguration section */
		481FF2A2F2214C7695FFA851 /* Debug */ = {
			isa = XCBuildConfiguration;
			buildSettings = {
				BUNDLE_LOADER = "$(TEST_HOST)";
				CODE_SIGN_STYLE = Automatic;
				CURRENT_PROJECT_VERSION = 1;
				DEAD_CODE_STRIPPING = YES;
				DEVELOPMENT_TEAM = 422ACSY6Y5;
				GENERATE_INFOPLIST_FILE = YES;
				MACOSX_DEPLOYMENT_TARGET = 15.0;
				MARKETING_VERSION = 1.0;
				PRODUCT_BUNDLE_IDENTIFIER = com.arcboxlabs.desktop.tests;
				PRODUCT_NAME = "$(TARGET_NAME)";
				SWIFT_VERSION = 6.0;
				TEST_HOST = "$(BUILT_PRODUCTS_DIR)/ArcBox.app/$(BUNDLE_EXECUTABLE_FOLDER_PATH)/ArcBox";
			};
			name = Debug;
		};
		657F65842F3A2ADD00C7005A /* Debug */ = {
			isa = XCBuildConfiguration;
			baseConfigurationReference = 657F65A02F3A2ADB00C7005A /* Local.xcconfig */;
			buildSettings = {
				ALWAYS_SEARCH_USER_PATHS = NO;
				ASSETCATALOG_COMPILER_GENERATE_SWIFT_ASSET_SYMBOL_EXTENSIONS = YES;
				CLANG_ANALYZER_NONNULL = YES;
				CLANG_ANALYZER_NUMBER_OBJECT_CONVERSION = YES_AGGRESSIVE;
				CLANG_CXX_LANGUAGE_STANDARD = "gnu++20";
				CLANG_ENABLE_MODULES = YES;
				CLANG_ENABLE_OBJC_ARC = YES;
				CLANG_ENABLE_OBJC_WEAK = YES;
				CLANG_WARN_BLOCK_CAPTURE_AUTORELEASING = YES;
				CLANG_WARN_BOOL_CONVERSION = YES;
				CLANG_WARN_COMMA = YES;
				CLANG_WARN_CONSTANT_CONVERSION = YES;
				CLANG_WARN_DEPRECATED_OBJC_IMPLEMENTATIONS = YES;
				CLANG_WARN_DIRECT_OBJC_ISA_USAGE = YES_ERROR;
				CLANG_WARN_DOCUMENTATION_COMMENTS = YES;
				CLANG_WARN_EMPTY_BODY = YES;
				CLANG_WARN_ENUM_CONVERSION = YES;
				CLANG_WARN_INFINITE_RECURSION = YES;
				CLANG_WARN_INT_CONVERSION = YES;
				CLANG_WARN_NON_LITERAL_NULL_CONVERSION = YES;
				CLANG_WARN_OBJC_IMPLICIT_RETAIN_SELF = YES;
				CLANG_WARN_OBJC_LITERAL_CONVERSION = YES;
				CLANG_WARN_OBJC_ROOT_CLASS = YES_ERROR;
				CLANG_WARN_QUOTED_INCLUDE_IN_FRAMEWORK_HEADER = YES;
				CLANG_WARN_RANGE_LOOP_ANALYSIS = YES;
				CLANG_WARN_STRICT_PROTOTYPES = YES;
				CLANG_WARN_SUSPICIOUS_MOVE = YES;
				CLANG_WARN_UNGUARDED_AVAILABILITY = YES_AGGRESSIVE;
				CLANG_WARN_UNREACHABLE_CODE = YES;
				CLANG_WARN__DUPLICATE_METHOD_MATCH = YES;
				COPY_PHASE_STRIP = NO;
				DEAD_CODE_STRIPPING = YES;
				DEBUG_INFORMATION_FORMAT = dwarf;
				DEVELOPMENT_TEAM = 422ACSY6Y5;
				ENABLE_STRICT_OBJC_MSGSEND = YES;
				ENABLE_TESTABILITY = YES;
				ENABLE_USER_SCRIPT_SANDBOXING = NO;
				GCC_C_LANGUAGE_STANDARD = gnu17;
				GCC_DYNAMIC_NO_PIC = NO;
				GCC_NO_COMMON_BLOCKS = YES;
				GCC_OPTIMIZATION_LEVEL = 0;
				GCC_PREPROCESSOR_DEFINITIONS = (
					"DEBUG=1",
					"$(inherited)",
				);
				GCC_WARN_64_TO_32_BIT_CONVERSION = YES;
				GCC_WARN_ABOUT_RETURN_TYPE = YES_ERROR;
				GCC_WARN_UNDECLARED_SELECTOR = YES;
				GCC_WARN_UNINITIALIZED_AUTOS = YES_AGGRESSIVE;
				GCC_WARN_UNUSED_FUNCTION = YES;
				GCC_WARN_UNUSED_VARIABLE = YES;
				LOCALIZATION_PREFERS_STRING_CATALOGS = YES;
				MACOSX_DEPLOYMENT_TARGET = 15.0;
				MTL_ENABLE_DEBUG_INFO = INCLUDE_SOURCE;
				MTL_FAST_MATH = YES;
				ONLY_ACTIVE_ARCH = YES;
				SDKROOT = macosx;
				STRING_CATALOG_GENERATE_SYMBOLS = YES;
				SWIFT_ACTIVE_COMPILATION_CONDITIONS = "DEBUG $(inherited)";
				SWIFT_OPTIMIZATION_LEVEL = "-Onone";
			};
			name = Debug;
		};
		657F65852F3A2ADD00C7005A /* Release */ = {
			isa = XCBuildConfiguration;
			baseConfigurationReference = 657F65A02F3A2ADB00C7005A /* Local.xcconfig */;
			buildSettings = {
				ALWAYS_SEARCH_USER_PATHS = NO;
				ASSETCATALOG_COMPILER_GENERATE_SWIFT_ASSET_SYMBOL_EXTENSIONS = YES;
				CLANG_ANALYZER_NONNULL = YES;
				CLANG_ANALYZER_NUMBER_OBJECT_CONVERSION = YES_AGGRESSIVE;
				CLANG_CXX_LANGUAGE_STANDARD = "gnu++20";
				CLANG_ENABLE_MODULES = YES;
				CLANG_ENABLE_OBJC_ARC = YES;
				CLANG_ENABLE_OBJC_WEAK = YES;
				CLANG_WARN_BLOCK_CAPTURE_AUTORELEASING = YES;
				CLANG_WARN_BOOL_CONVERSION = YES;
				CLANG_WARN_COMMA = YES;
				CLANG_WARN_CONSTANT_CONVERSION = YES;
				CLANG_WARN_DEPRECATED_OBJC_IMPLEMENTATIONS = YES;
				CLANG_WARN_DIRECT_OBJC_ISA_USAGE = YES_ERROR;
				CLANG_WARN_DOCUMENTATION_COMMENTS = YES;
				CLANG_WARN_EMPTY_BODY = YES;
				CLANG_WARN_ENUM_CONVERSION = YES;
				CLANG_WARN_INFINITE_RECURSION = YES;
				CLANG_WARN_INT_CONVERSION = YES;
				CLANG_WARN_NON_LITERAL_NULL_CONVERSION = YES;
				CLANG_WARN_OBJC_IMPLICIT_RETAIN_SELF = YES;
				CLANG_WARN_OBJC_LITERAL_CONVERSION = YES;
				CLANG_WARN_OBJC_ROOT_CLASS = YES_ERROR;
				CLANG_WARN_QUOTED_INCLUDE_IN_FRAMEWORK_HEADER = YES;
				CLANG_WARN_RANGE_LOOP_ANALYSIS = YES;
				CLANG_WARN_STRICT_PROTOTYPES = YES;
				CLANG_WARN_SUSPICIOUS_MOVE = YES;
				CLANG_WARN_UNGUARDED_AVAILABILITY = YES_AGGRESSIVE;
				CLANG_WARN_UNREACHABLE_CODE = YES;
				CLANG_WARN__DUPLICATE_METHOD_MATCH = YES;
				COPY_PHASE_STRIP = NO;
				DEAD_CODE_STRIPPING = YES;
				DEBUG_INFORMATION_FORMAT = "dwarf-with-dsym";
				DEVELOPMENT_TEAM = 422ACSY6Y5;
				ENABLE_NS_ASSERTIONS = NO;
				ENABLE_STRICT_OBJC_MSGSEND = YES;
				ENABLE_USER_SCRIPT_SANDBOXING = NO;
				GCC_C_LANGUAGE_STANDARD = gnu17;
				GCC_NO_COMMON_BLOCKS = YES;
				GCC_WARN_64_TO_32_BIT_CONVERSION = YES;
				GCC_WARN_ABOUT_RETURN_TYPE = YES_ERROR;
				GCC_WARN_UNDECLARED_SELECTOR = YES;
				GCC_WARN_UNINITIALIZED_AUTOS = YES_AGGRESSIVE;
				GCC_WARN_UNUSED_FUNCTION = YES;
				GCC_WARN_UNUSED_VARIABLE = YES;
				LOCALIZATION_PREFERS_STRING_CATALOGS = YES;
				MACOSX_DEPLOYMENT_TARGET = 15.0;
				MTL_ENABLE_DEBUG_INFO = NO;
				MTL_FAST_MATH = YES;
				SDKROOT = macosx;
				STRING_CATALOG_GENERATE_SYMBOLS = YES;
				SWIFT_COMPILATION_MODE = wholemodule;
			};
			name = Release;
		};
		657F65872F3A2ADD00C7005A /* Debug */ = {
			isa = XCBuildConfiguration;
			baseConfigurationReference = AB0F00012F80000000000001 /* Version.xcconfig */;
			buildSettings = {
				ASSETCATALOG_COMPILER_APPICON_NAME = AppIcon;
				ASSETCATALOG_COMPILER_GLOBAL_ACCENT_COLOR_NAME = AccentColor;
				AUTOMATION_APPLE_EVENTS = YES;
				CODE_SIGN_ENTITLEMENTS = ArcBox/ArcBox.entitlements;
				"CODE_SIGN_IDENTITY[sdk=macosx*]" = "Apple Development";
				CODE_SIGN_STYLE = Automatic;
				COMBINE_HIDPI_IMAGES = YES;
				DEAD_CODE_STRIPPING = YES;
				DEVELOPMENT_TEAM = 422ACSY6Y5;
				ENABLE_APP_SANDBOX = NO;
				ENABLE_HARDENED_RUNTIME = YES;
				ENABLE_PREVIEWS = YES;
				GENERATE_INFOPLIST_FILE = YES;
				INFOPLIST_KEY_CFBundleDisplayName = ArcBox;
				INFOPLIST_KEY_CFBundleName = ArcBox;
				INFOPLIST_KEY_NSAppleEventsUsageDescription = "ArcBox uses Automation to open your selected terminal app and run container shell commands.";
				INFOPLIST_KEY_NSHumanReadableCopyright = "Copyright © 2026 ArcBox Labs. Licensed under MIT OR Apache-2.0.";
				INFOPLIST_KEY_PostHogAPIKey = "$(POSTHOG_API_KEY)";
				INFOPLIST_KEY_SentryDSN = "$(SENTRY_DSN)";
				LD_RUNPATH_SEARCH_PATHS = (
					"$(inherited)",
					"@executable_path/../Frameworks",
				);
				MACOSX_DEPLOYMENT_TARGET = 15.0;
				PRODUCT_BUNDLE_IDENTIFIER = com.arcboxlabs.desktop;
				PRODUCT_NAME = ArcBox;
				REGISTER_APP_GROUPS = YES;
				RUNTIME_EXCEPTION_ALLOW_DYLD_ENVIRONMENT_VARIABLES = NO;
				RUNTIME_EXCEPTION_ALLOW_JIT = YES;
				RUNTIME_EXCEPTION_ALLOW_UNSIGNED_EXECUTABLE_MEMORY = NO;
				RUNTIME_EXCEPTION_DEBUGGING_TOOL = NO;
				RUNTIME_EXCEPTION_DISABLE_EXECUTABLE_PAGE_PROTECTION = NO;
				RUNTIME_EXCEPTION_DISABLE_LIBRARY_VALIDATION = NO;
				STRING_CATALOG_GENERATE_SYMBOLS = YES;
				SWIFT_APPROACHABLE_CONCURRENCY = YES;
				SWIFT_DEFAULT_ACTOR_ISOLATION = MainActor;
				SWIFT_EMIT_LOC_STRINGS = YES;
				SWIFT_UPCOMING_FEATURE_MEMBER_IMPORT_VISIBILITY = YES;
				SWIFT_VERSION = 6.0;
			};
			name = Debug;
		};
		657F65882F3A2ADD00C7005A /* Release */ = {
			isa = XCBuildConfiguration;
			baseConfigurationReference = AB0F00012F80000000000001 /* Version.xcconfig */;
			buildSettings = {
				ASSETCATALOG_COMPILER_APPICON_NAME = AppIcon;
				ASSETCATALOG_COMPILER_GLOBAL_ACCENT_COLOR_NAME = AccentColor;
				AUTOMATION_APPLE_EVENTS = YES;
				CODE_SIGN_ENTITLEMENTS = ArcBox/ArcBox.entitlements;
				"CODE_SIGN_IDENTITY[sdk=macosx*]" = "Apple Development";
				CODE_SIGN_STYLE = Automatic;
				COMBINE_HIDPI_IMAGES = YES;
				DEAD_CODE_STRIPPING = YES;
				DEVELOPMENT_TEAM = 422ACSY6Y5;
				ENABLE_APP_SANDBOX = NO;
				ENABLE_HARDENED_RUNTIME = YES;
				ENABLE_PREVIEWS = YES;
				GENERATE_INFOPLIST_FILE = YES;
				INFOPLIST_KEY_CFBundleDisplayName = ArcBox;
				INFOPLIST_KEY_CFBundleName = ArcBox;
				INFOPLIST_KEY_NSAppleEventsUsageDescription = "ArcBox uses Automation to open your selected terminal app and run container shell commands.";
				INFOPLIST_KEY_NSHumanReadableCopyright = "Copyright © 2026 ArcBox Labs. Licensed under MIT OR Apache-2.0.";
				INFOPLIST_KEY_PostHogAPIKey = "$(POSTHOG_API_KEY)";
				INFOPLIST_KEY_SentryDSN = "$(SENTRY_DSN)";
				LD_RUNPATH_SEARCH_PATHS = (
					"$(inherited)",
					"@executable_path/../Frameworks",
				);
				MACOSX_DEPLOYMENT_TARGET = 15.0;
				PRODUCT_BUNDLE_IDENTIFIER = com.arcboxlabs.desktop;
				PRODUCT_NAME = ArcBox;
				REGISTER_APP_GROUPS = YES;
				RUNTIME_EXCEPTION_ALLOW_DYLD_ENVIRONMENT_VARIABLES = NO;
				RUNTIME_EXCEPTION_ALLOW_JIT = YES;
				RUNTIME_EXCEPTION_ALLOW_UNSIGNED_EXECUTABLE_MEMORY = NO;
				RUNTIME_EXCEPTION_DEBUGGING_TOOL = NO;
				RUNTIME_EXCEPTION_DISABLE_EXECUTABLE_PAGE_PROTECTION = NO;
				RUNTIME_EXCEPTION_DISABLE_LIBRARY_VALIDATION = NO;
				STRING_CATALOG_GENERATE_SYMBOLS = YES;
				SWIFT_APPROACHABLE_CONCURRENCY = YES;
				SWIFT_DEFAULT_ACTOR_ISOLATION = MainActor;
				SWIFT_EMIT_LOC_STRINGS = YES;
				SWIFT_UPCOMING_FEATURE_MEMBER_IMPORT_VISIBILITY = YES;
				SWIFT_VERSION = 6.0;
			};
			name = Release;
		};
		7209DBAF6359408FBA85C294 /* Release */ = {
			isa = XCBuildConfiguration;
			buildSettings = {
				BUNDLE_LOADER = "$(TEST_HOST)";
				CODE_SIGN_STYLE = Automatic;
				CURRENT_PROJECT_VERSION = 1;
				DEAD_CODE_STRIPPING = YES;
				DEVELOPMENT_TEAM = 422ACSY6Y5;
				GENERATE_INFOPLIST_FILE = YES;
				MACOSX_DEPLOYMENT_TARGET = 15.0;
				MARKETING_VERSION = 1.0;
				PRODUCT_BUNDLE_IDENTIFIER = com.arcboxlabs.desktop.tests;
				PRODUCT_NAME = "$(TARGET_NAME)";
				SWIFT_VERSION = 6.0;
				TEST_HOST = "$(BUILT_PRODUCTS_DIR)/ArcBox.app/$(BUNDLE_EXECUTABLE_FOLDER_PATH)/ArcBox";
			};
			name = Release;
		};
/* End XCBuildConfiguration section */

/* Begin XCConfigurationList section */
		657F65762F3A2ADB00C7005A /* Build configuration list for PBXProject "ArcBox" */ = {
			isa = XCConfigurationList;
			buildConfigurations = (
				657F65842F3A2ADD00C7005A /* Debug */,
				657F65852F3A2ADD00C7005A /* Release */,
			);
			defaultConfigurationIsVisible = 0;
			defaultConfigurationName = Release;
		};
		657F65862F3A2ADD00C7005A /* Build configuration list for PBXNativeTarget "ArcBox" */ = {
			isa = XCConfigurationList;
			buildConfigurations = (
				657F65872F3A2ADD00C7005A /* Debug */,
				657F65882F3A2ADD00C7005A /* Release */,
			);
			defaultConfigurationIsVisible = 0;
			defaultConfigurationName = Release;
		};
		CFE1394D73AA400B8709AD73 /* Build configuration list for PBXNativeTarget "ArcBoxTests" */ = {
			isa = XCConfigurationList;
			buildConfigurations = (
				481FF2A2F2214C7695FFA851 /* Debug */,
				7209DBAF6359408FBA85C294 /* Release */,
			);
			defaultConfigurationIsVisible = 0;
			defaultConfigurationName = Release;
		};
/* End XCConfigurationList section */

/* Begin XCLocalSwiftPackageReference section */
		657F65902F3A2ADB00C7005A /* XCLocalSwiftPackageReference "Packages/ArcBoxClient" */ = {
			isa = XCLocalSwiftPackageReference;
			relativePath = Packages/ArcBoxClient;
		};
		DC0A11022F4E000000000001 /* XCLocalSwiftPackageReference "Packages/DockerClient" */ = {
			isa = XCLocalSwiftPackageReference;
			relativePath = Packages/DockerClient;
		};
		K8S100032F90000000000001 /* XCLocalSwiftPackageReference "Packages/K8sClient" */ = {
			isa = XCLocalSwiftPackageReference;
			relativePath = Packages/K8sClient;
		};
/* End XCLocalSwiftPackageReference section */

/* Begin XCRemoteSwiftPackageReference section */
		65D867EB2F5C228600DAAEE6 /* XCRemoteSwiftPackageReference "Sparkle" */ = {
			isa = XCRemoteSwiftPackageReference;
			repositoryURL = "https://github.com/sparkle-project/Sparkle";
			requirement = {
				kind = upToNextMajorVersion;
				minimumVersion = 2.9.0;
			};
		};
		DC0B11022F4E000000000001 /* XCRemoteSwiftPackageReference "SwiftTerm" */ = {
			isa = XCRemoteSwiftPackageReference;
			repositoryURL = "https://github.com/migueldeicaza/SwiftTerm";
			requirement = {
				kind = upToNextMajorVersion;
				minimumVersion = 1.0.0;
			};
		};
		PH0100012FA0000000000001 /* XCRemoteSwiftPackageReference "posthog-ios" */ = {
			isa = XCRemoteSwiftPackageReference;
			repositoryURL = "https://github.com/PostHog/posthog-ios";
			requirement = {
				kind = upToNextMajorVersion;
				minimumVersion = 3.0.0;
			};
		};
		SE0100012F90000000000001 /* XCRemoteSwiftPackageReference "sentry-cocoa" */ = {
			isa = XCRemoteSwiftPackageReference;
			repositoryURL = "https://github.com/getsentry/sentry-cocoa";
			requirement = {
				kind = upToNextMajorVersion;
				minimumVersion = 9.7.0;
			};
		};
/* End XCRemoteSwiftPackageReference section */

/* Begin XCSwiftPackageProductDependency section */
		657F65912F3A2ADB00C7005A /* ArcBoxClient */ = {
			isa = XCSwiftPackageProductDependency;
			productName = ArcBoxClient;
		};
		65D867EC2F5C228600DAAEE6 /* Sparkle */ = {
			isa = XCSwiftPackageProductDependency;
			package = 65D867EB2F5C228600DAAEE6 /* XCRemoteSwiftPackageReference "Sparkle" */;
			productName = Sparkle;
		};
		DC0A11002F4E000000000001 /* DockerClient */ = {
			isa = XCSwiftPackageProductDependency;
			productName = DockerClient;
		};
		DC0B11002F4E000000000001 /* SwiftTerm */ = {
			isa = XCSwiftPackageProductDependency;
			package = DC0B11022F4E000000000001 /* XCRemoteSwiftPackageReference "SwiftTerm" */;
			productName = SwiftTerm;
		};
		K8S100002F90000000000001 /* K8sClient */ = {
			isa = XCSwiftPackageProductDependency;
			productName = K8sClient;
		};
		PH0200012FA0000000000001 /* PostHog */ = {
			isa = XCSwiftPackageProductDependency;
			package = PH0100012FA0000000000001 /* XCRemoteSwiftPackageReference "posthog-ios" */;
			productName = PostHog;
		};
		SE0200012F90000000000001 /* Sentry */ = {
			isa = XCSwiftPackageProductDependency;
			package = SE0100012F90000000000001 /* XCRemoteSwiftPackageReference "sentry-cocoa" */;
			productName = Sentry;
		};
		UT0400002FA0000000000001 /* K8sClient */ = {
			isa = XCSwiftPackageProductDependency;
			productName = K8sClient;
		};
/* End XCSwiftPackageProductDependency section */
	};
	rootObject = 657F65732F3A2ADB00C7005A /* Project object */;
}
